
Microsoft Visual Studio Solution File, Format Version 12.00
# Visual Studio 14
VisualStudioVersion = 14.0.25420.1
MinimumVisualStudioVersion = 10.0.40219.1
Project("{FAE04EC0-301F-11D3-BF4B-00C04F79EFBC}") = "Richar highlighting WpfApplication", "RicharHighlightingWpfApplication\Richar highlighting WpfApplication.csproj", "{27928807-C52B-4E7B-95F4-B0A593FD01D8}"
EndProject
Project("{FAE04EC0-301F-11D3-BF4B-00C04F79EFBC}") = "RichTextBox HighLighting for Hash tags", "RichTextBoxHighLightingForHashtags\RichTextBox HighLighting for Hash tags.csproj", "{AAE6EA08-6216-45D1-8B35-BE643A19BDBA}"
EndProject
Project("{FAE04EC0-301F-11D3-BF4B-00C04F79EFBC}") = "Image Slide Show Library", "ImageSlideShowLibrary\Image Slide Show Library.csproj", "{391F43D1-42B2-43CA-9038-EFFF594A225B}"
EndProject
Project("{FAE04EC0-301F-11D3-BF4B-00C04F79EFBC}") = "SoundBed", "SoundBed\SoundBed.csproj", "{2C065420-97CE-4411-8724-17D8D78BFF32}"
EndProject
Global
	GlobalSection(SolutionConfigurationPlatforms) = preSolution
		Debug|Any CPU = Debug|Any CPU
		Release|Any CPU = Release|Any CPU
	EndGlobalSection
	GlobalSection(ProjectConfigurationPlatforms) = postSolution
		{27928807-C52B-4E7B-95F4-B0A593FD01D8}.Debug|Any CPU.ActiveCfg = Debug|Any CPU
		{27928807-C52B-4E7B-95F4-B0A593FD01D8}.Debug|Any CPU.Build.0 = Debug|Any CPU
		{27928807-C52B-4E7B-95F4-B0A593FD01D8}.Release|Any CPU.ActiveCfg = Release|Any CPU
		{27928807-C52B-4E7B-95F4-B0A593FD01D8}.Release|Any CPU.Build.0 = Release|Any CPU
		{AAE6EA08-6216-45D1-8B35-BE643A19BDBA}.Debug|Any CPU.ActiveCfg = Debug|Any CPU
		{AAE6EA08-6216-45D1-8B35-BE643A19BDBA}.Debug|Any CPU.Build.0 = Debug|Any CPU
		{AAE6EA08-6216-45D1-8B35-BE643A19BDBA}.Release|Any CPU.ActiveCfg = Release|Any CPU
		{AAE6EA08-6216-45D1-8B35-BE643A19BDBA}.Release|Any CPU.Build.0 = Release|Any CPU
		{391F43D1-42B2-43CA-9038-EFFF594A225B}.Debug|Any CPU.ActiveCfg = Debug|Any CPU
		{391F43D1-42B2-43CA-9038-EFFF594A225B}.Debug|Any CPU.Build.0 = Debug|Any CPU
		{391F43D1-42B2-43CA-9038-EFFF594A225B}.Release|Any CPU.ActiveCfg = Release|Any CPU
		{391F43D1-42B2-43CA-9038-EFFF594A225B}.Release|Any CPU.Build.0 = Release|Any CPU
		{2C065420-97CE-4411-8724-17D8D78BFF32}.Debug|Any CPU.ActiveCfg = Debug|Any CPU
		{2C065420-97CE-4411-8724-17D8D78BFF32}.Debug|Any CPU.Build.0 = Debug|Any CPU
		{2C065420-97CE-4411-8724-17D8D78BFF32}.Release|Any CPU.ActiveCfg = Release|Any CPU
		{2C065420-97CE-4411-8724-17D8D78BFF32}.Release|Any CPU.Build.0 = Release|Any CPU
	EndGlobalSection
	GlobalSection(SolutionProperties) = preSolution
		HideSolutionNode = FALSE
	EndGlobalSection
EndGlobal
